
Microsoft Visual Studio Solution File, Format Version 12.00
# Visual Studio Version 17
VisualStudioVersion = 17.13.35806.99 d17.13
MinimumVisualStudioVersion = 10.0.40219.1
Project("{FAE04EC0-301F-11D3-BF4B-00C04F79EFBC}") = "ClickMart.Api", "ClickMart.Api.csproj", "{C131BA1A-D9A8-4DFD-A7B2-3A547BF1300D}"
EndProject
Global
	GlobalSection(SolutionConfigurationPlatforms) = preSolution
		Debug|Any CPU = Debug|Any CPU
		Release|Any CPU = Release|Any CPU
	EndGlobalSection
	GlobalSection(ProjectConfigurationPlatforms) = postSolution
		{C131BA1A-D9A8-4DFD-A7B2-3A547BF1300D}.Debug|Any CPU.ActiveCfg = Debug|Any CPU
		{C131BA1A-D9A8-4DFD-A7B2-3A547BF1300D}.Debug|Any CPU.Build.0 = Debug|Any CPU
		{C131BA1A-D9A8-4DFD-A7B2-3A547BF1300D}.Release|Any CPU.ActiveCfg = Release|Any CPU
		{C131BA1A-D9A8-4DFD-A7B2-3A547BF1300D}.Release|Any CPU.Build.0 = Release|Any CPU
	EndGlobalSection
	GlobalSection(SolutionProperties) = preSolution
		HideSolutionNode = FALSE
	EndGlobalSection
	GlobalSection(ExtensibilityGlobals) = postSolution
		SolutionGuid = {AE4A6949-DDD3-449F-A193-06A81E704B5B}
	EndGlobalSection
EndGlobal
